{
  "object": {
    "pins": [
      {
        "package": "perl-core",
        "repositoryURL": "https://github.com/freyaariel/perl-core.git",
        "state": {
          "branch": null,
          "revision": "0777f2f5a9658e1b87c8db2ef1c87556918006d5",
          "version": "0.1.0"
        }
      }
    ]
  },
  "version": 1
}
